// !$*UTF8*$!
{
	archiveVersion = 1;
	classes = {
	};
	objectVersion = 46;
	objects = {

/* Begin PBXBuildFile section */
		3960BAE51E42ECC3009A11EC /* AppDelegate.swift in Sources */ = {isa = PBXBuildFile; fileRef = 3960BAE41E42ECC3009A11EC /* AppDelegate.swift */; };
		3960BAE71E42ECC3009A11EC /* ViewController.swift in Sources */ = {isa = PBXBuildFile; fileRef = 3960BAE61E42ECC3009A11EC /* ViewController.swift */; };
		3960BAEA1E42ECC3009A11EC /* Main.storyboard in Resources */ = {isa = PBXBuildFile; fileRef = 3960BAE81E42ECC3009A11EC /* Main.storyboard */; };
		3960BAEC1E42ECC3009A11EC /* Assets.xcassets in Resources */ = {isa = PBXBuildFile; fileRef = 3960BAEB1E42ECC3009A11EC /* Assets.xcassets */; };
		3960BAEF1E42ECC3009A11EC /* LaunchScreen.storyboard in Resources */ = {isa = PBXBuildFile; fileRef = 3960BAED1E42ECC3009A11EC /* LaunchScreen.storyboard */; };
		3960BAF71E42ECD9009A11EC /* Configuration.swift in Sources */ = {isa = PBXBuildFile; fileRef = 3960BAF61E42ECD9009A11EC /* Configuration.swift */; };
		3960BAF91E42ECE0009A11EC /* ConfigurationManager.swift in Sources */ = {isa = PBXBuildFile; fileRef = 3960BAF81E42ECE0009A11EC /* ConfigurationManager.swift */; };
/* End PBXBuildFile section */

/* Begin PBXFileReference section */
		3960BAE11E42ECC3009A11EC /* KVO.app */ = {isa = PBXFileReference; explicitFileType = wrapper.application; includeInIndex = 0; path = KVO.app; sourceTree = BUILT_PRODUCTS_DIR; };
		3960BAE41E42ECC3009A11EC /* AppDelegate.swift */ = {isa = PBXFileReference; lastKnownFileType = sourcecode.swift; path = AppDelegate.swift; sourceTree = "<group>"; };
		3960BAE61E42ECC3009A11EC /* ViewController.swift */ = {isa = PBXFileReference; lastKnownFileType = sourcecode.swift; path = ViewController.swift; sourceTree = "<group>"; };
		3960BAE91E42ECC3009A11EC /* Base */ = {isa = PBXFileReference; lastKnownFileType = file.storyboard; name = Base; path = Base.lproj/Main.storyboard; sourceTree = "<group>"; };
		3960BAEB1E42ECC3009A11EC /* Assets.xcassets */ = {isa = PBXFileReference; lastKnownFileType = folder.assetcatalog; path = Assets.xcassets; sourceTree = "<group>"; };
		3960BAEE1E42ECC3009A11EC /* Base */ = {isa = PBXFileReference; lastKnownFileType = file.storyboard; name = Base; path = Base.lproj/LaunchScreen.storyboard; sourceTree = "<group>"; };
		3960BAF01E42ECC3009A11EC /* Info.plist */ = {isa = PBXFileReference; lastKnownFileType = text.plist.xml; path = Info.plist; sourceTree = "<group>"; };
		3960BAF61E42ECD9009A11EC /* Configuration.swift */ = {isa = PBXFileReference; fileEncoding = 4; lastKnownFileType = sourcecode.swift; path = Configuration.swift; sourceTree = "<group>"; };
		3960BAF81E42ECE0009A11EC /* ConfigurationManager.swift */ = {isa = PBXFileReference; fileEncoding = 4; lastKnownFileType = sourcecode.swift; path = ConfigurationManager.swift; sourceTree = "<group>"; };
/* End PBXFileReference section */

/* Begin PBXFrameworksBuildPhase section */
		3960BADE1E42ECC3009A11EC /* Frameworks */ = {
			isa = PBXFrameworksBuildPhase;
			buildActionMask = 2147483647;
			files = (
			);
			runOnlyForDeploymentPostprocessing = 0;
		};
/* End PBXFrameworksBuildPhase section */

/* Begin PBXGroup section */
		3960BAD81E42ECC3009A11EC = {
			isa = PBXGroup;
			children = (
				3960BAE31E42ECC3009A11EC /* KVO */,
				3960BAE21E42ECC3009A11EC /* Products */,
			);
			sourceTree = "<group>";
		};
		3960BAE21E42ECC3009A11EC /* Products */ = {
			isa = PBXGroup;
			children = (
				3960BAE11E42ECC3009A11EC /* KVO.app */,
			);
			name = Products;
			sourceTree = "<group>";
		};
		3960BAE31E42ECC3009A11EC /* KVO */ = {
			isa = PBXGroup;
			children = (
				3960BAE41E42ECC3009A11EC /* AppDelegate.swift */,
				3960BAF61E42ECD9009A11EC /* Configuration.swift */,
				3960BAF81E42ECE0009A11EC /* ConfigurationManager.swift */,
				3960BAE61E42ECC3009A11EC /* ViewController.swift */,
				3960BAE81E42ECC3009A11EC /* Main.storyboard */,
				3960BAEB1E42ECC3009A11EC /* Assets.xcassets */,
				3960BAED1E42ECC3009A11EC /* LaunchScreen.storyboard */,
				3960BAF01E42ECC3009A11EC /* Info.plist */,
			);
			path = KVO;
			sourceTree = "<group>";
		};
/* End PBXGroup section */

/* Begin PBXNativeTarget section */
		3960BAE01E42ECC3009A11EC /* KVO */ = {
			isa = PBXNativeTarget;
			buildConfigurationList = 3960BAF31E42ECC3009A11EC /* Build configuration list for PBXNativeTarget "KVO" */;
			buildPhases = (
				3960BADD1E42ECC3009A11EC /* Sources */,
				3960BADE1E42ECC3009A11EC /* Frameworks */,
				3960BADF1E42ECC3009A11EC /* Resources */,
			);
			buildRules = (
			);
			dependencies = (
			);
			name = KVO;
			productName = KVO;
			productReference = 3960BAE11E42ECC3009A11EC /* KVO.app */;
			productType = "com.apple.product-type.application";
		};
/* End PBXNativeTarget section */

/* Begin PBXProject section */
		3960BAD91E42ECC3009A11EC /* Project object */ = {
			isa = PBXProject;
			attributes = {
				LastSwiftUpdateCheck = 0820;
				LastUpgradeCheck = 0820;
				ORGANIZATIONNAME = "Brandon Aubrey";
				TargetAttributes = {
					3960BAE01E42ECC3009A11EC = {
						CreatedOnToolsVersion = 8.2.1;
						DevelopmentTeam = 68W2B53UFP;
						ProvisioningStyle = Automatic;
					};
				};
			};
			buildConfigurationList = 3960BADC1E42ECC3009A11EC /* Build configuration list for PBXProject "KVO" */;
			compatibilityVersion = "Xcode 3.2";
			developmentRegion = English;
			hasScannedForEncodings = 0;
			knownRegions = (
				en,
				Base,
			);
			mainGroup = 3960BAD81E42ECC3009A11EC;
			productRefGroup = 3960BAE21E42ECC3009A11EC /* Products */;
			projectDirPath = "";
			projectRoot = "";
			targets = (
				3960BAE01E42ECC3009A11EC /* KVO */,
			);
		};
/* End PBXProject section */

/* Begin PBXResourcesBuildPhase section */
		3960BADF1E42ECC3009A11EC /* Resources */ = {
			isa = PBXResourcesBuildPhase;
			buildActionMask = 2147483647;
			files = (
				3960BAEF1E42ECC3009A11EC /* LaunchScreen.storyboard in Resources */,
				3960BAEC1E42ECC3009A11EC /* Assets.xcassets in Resources */,
				3960BAEA1E42ECC3009A11EC /* Main.storyboard in Resources */,
			);
			runOnlyForDeploymentPostprocessing = 0;
		};
/* End PBXResourcesBuildPhase section */

/* Begin PBXSourcesBuildPhase section */
		3960BADD1E42ECC3009A11EC /* Sources */ = {
			isa = PBXSourcesBuildPhase;
			buildActionMask = 2147483647;
			files = (
				3960BAF91E42ECE0009A11EC /* ConfigurationManager.swift in Sources */,
				3960BAF71E42ECD9009A11EC /* Configuration.swift in Sources */,
				3960BAE71E42ECC3009A11EC /* ViewController.swift in Sources */,
				3960BAE51E42ECC3009A11EC /* AppDelegate.swift in Sources */,
			);
			runOnlyForDeploymentPostprocessing = 0;
		};
/* End PBXSourcesBuildPhase section */

/* Begin PBXVariantGroup section */
		3960BAE81E42ECC3009A11EC /* Main.storyboard */ = {
			isa = PBXVariantGroup;
			children = (
				3960BAE91E42ECC3009A11EC /* Base */,
			);
			name = Main.storyboard;
			sourceTree = "<group>";
		};
		3960BAED1E42ECC3009A11EC /* LaunchScreen.storyboard */ = {
			isa = PBXVariantGroup;
			children = (
				3960BAEE1E42ECC3009A11EC /* Base */,
			);
			name = LaunchScreen.storyboard;
			sourceTree = "<group>";
		};
/* End PBXVariantGroup section */

/* Begin XCBuildConfiguration section */
		3960BAF11E42ECC3009A11EC /* Debug */ = {
			isa = XCBuildConfiguration;
			buildSettings = {
				ALWAYS_SEARCH_USER_PATHS = NO;
				CLANG_ANALYZER_NONNULL = YES;
				CLANG_CXX_LANGUAGE_STANDARD = "gnu++0x";
				CLANG_CXX_LIBRARY = "libc++";
				CLANG_ENABLE_MODULES = YES;
				CLANG_ENABLE_OBJC_ARC = YES;
				CLANG_WARN_BOOL_CONVERSION = YES;
				CLANG_WARN_CONSTANT_CONVERSION = YES;
				CLANG_WARN_DIRECT_OBJC_ISA_USAGE = YES_ERROR;
				CLANG_WARN_DOCUMENTATION_COMMENTS = YES;
				CLANG_WARN_EMPTY_BODY = YES;
				CLANG_WARN_ENUM_CONVERSION = YES;
				CLANG_WARN_INFINITE_RECURSION = YES;
				CLANG_WARN_INT_CONVERSION = YES;
				CLANG_WARN_OBJC_ROOT_CLASS = YES_ERROR;
				CLANG_WARN_SUSPICIOUS_MOVE = YES;
				CLANG_WARN_UNREACHABLE_CODE = YES;
				CLANG_WARN__DUPLICATE_METHOD_MATCH = YES;
				"CODE_SIGN_IDENTITY[sdk=iphoneos*]" = "iPhone Developer";
				COPY_PHASE_STRIP = NO;
				DEBUG_INFORMATION_FORMAT = dwarf;
				ENABLE_STRICT_OBJC_MSGSEND = YES;
				ENABLE_TESTABILITY = YES;
				GCC_C_LANGUAGE_STANDARD = gnu99;
				GCC_DYNAMIC_NO_PIC = NO;
				GCC_NO_COMMON_BLOCKS = YES;
				GCC_OPTIMIZATION_LEVEL = 0;
				GCC_PREPROCESSOR_DEFINITIONS = (
					"DEBUG=1",
					"$(inherited)",
				);
				GCC_WARN_64_TO_32_BIT_CONVERSION = YES;
				GCC_WARN_ABOUT_RETURN_TYPE = YES_ERROR;
				GCC_WARN_UNDECLARED_SELECTOR = YES;
				GCC_WARN_UNINITIALIZED_AUTOS = YES_AGGRESSIVE;
				GCC_WARN_UNUSED_FUNCTION = YES;
				GCC_WARN_UNUSED_VARIABLE = YES;
				IPHONEOS_DEPLOYMENT_TARGET = 10.2;
				MTL_ENABLE_DEBUG_INFO = YES;
				ONLY_ACTIVE_ARCH = YES;
				SDKROOT = iphoneos;
				SWIFT_ACTIVE_COMPILATION_CONDITIONS = DEBUG;
				SWIFT_OPTIMIZATION_LEVEL = "-Onone";
				TARGETED_DEVICE_FAMILY = "1,2";
			};
			name = Debug;
		};
		3960BAF21E42ECC3009A11EC /* Release */ = {
			isa = XCBuildConfiguration;
			buildSettings = {
				ALWAYS_SEARCH_USER_PATHS = NO;
				CLANG_ANALYZER_NONNULL = YES;
				CLANG_CXX_LANGUAGE_STANDARD = "gnu++0x";
				CLANG_CXX_LIBRARY = "libc++";
				CLANG_ENABLE_MODULES = YES;
				CLANG_ENABLE_OBJC_ARC = YES;
				CLANG_WARN_BOOL_CONVERSION = YES;
				CLANG_WARN_CONSTANT_CONVERSION = YES;
				CLANG_WARN_DIRECT_OBJC_ISA_USAGE = YES_ERROR;
				CLANG_WARN_DOCUMENTATION_COMMENTS = YES;
				CLANG_WARN_EMPTY_BODY = YES;
				CLANG_WARN_ENUM_CONVERSION = YES;
				CLANG_WARN_INFINITE_RECURSION = YES;
				CLANG_WARN_INT_CONVERSION = YES;
				CLANG_WARN_OBJC_ROOT_CLASS = YES_ERROR;
				CLANG_WARN_SUSPICIOUS_MOVE = YES;
				CLANG_WARN_UNREACHABLE_CODE = YES;
				CLANG_WARN__DUPLICATE_METHOD_MATCH = YES;
				"CODE_SIGN_IDENTITY[sdk=iphoneos*]" = "iPhone Developer";
				COPY_PHASE_STRIP = NO;
				DEBUG_INFORMATION_FORMAT = "dwarf-with-dsym";
				ENABLE_NS_ASSERTIONS = NO;
				ENABLE_STRICT_OBJC_MSGSEND = YES;
				GCC_C_LANGUAGE_STANDARD = gnu99;
				GCC_NO_COMMON_BLOCKS = YES;
				GCC_WARN_64_TO_32_BIT_CONVERSION = YES;
				GCC_WARN_ABOUT_RETURN_TYPE = YES_ERROR;
				GCC_WARN_UNDECLARED_SELECTOR = YES;
				GCC_WARN_UNINITIALIZED_AUTOS = YES_AGGRESSIVE;
				GCC_WARN_UNUSED_FUNCTION = YES;
				GCC_WARN_UNUSED_VARIABLE = YES;
				IPHONEOS_DEPLOYMENT_TARGET = 10.2;
				MTL_ENABLE_DEBUG_INFO = NO;
				SDKROOT = iphoneos;
				SWIFT_OPTIMIZATION_LEVEL = "-Owholemodule";
				TARGETED_DEVICE_FAMILY = "1,2";
				VALIDATE_PRODUCT = YES;
			};
			name = Release;
		};
		3960BAF41E42ECC3009A11EC /* Debug */ = {
			isa = XCBuildConfiguration;
			buildSettings = {
				ASSETCATALOG_COMPILER_APPICON_NAME = AppIcon;
				DEVELOPMENT_TEAM = 68W2B53UFP;
				INFOPLIST_FILE = KVO/Info.plist;
				LD_RUNPATH_SEARCH_PATHS = "$(inherited) @executable_path/Frameworks";
				PRODUCT_BUNDLE_IDENTIFIER = com.BrandonAubrey.KVO;
				PRODUCT_NAME = "$(TARGET_NAME)";
				SWIFT_VERSION = 3.0;
			};
			name = Debug;
		};
		3960BAF51E42ECC3009A11EC /* Release */ = {
			isa = XCBuildConfiguration;
			buildSettings = {
				ASSETCATALOG_COMPILER_APPICON_NAME = AppIcon;
				DEVELOPMENT_TEAM = 68W2B53UFP;
				INFOPLIST_FILE = KVO/Info.plist;
				LD_RUNPATH_SEARCH_PATHS = "$(inherited) @executable_path/Frameworks";
				PRODUCT_BUNDLE_IDENTIFIER = com.BrandonAubrey.KVO;
				PRODUCT_NAME = "$(TARGET_NAME)";
				SWIFT_VERSION = 3.0;
			};
			name = Release;
		};
/* End XCBuildConfiguration section */

/* Begin XCConfigurationList section */
		3960BADC1E42ECC3009A11EC /* Build configuration list for PBXProject "KVO" */ = {
			isa = XCConfigurationList;
			buildConfigurations = (
				3960BAF11E42ECC3009A11EC /* Debug */,
				3960BAF21E42ECC3009A11EC /* Release */,
			);
			defaultConfigurationIsVisible = 0;
			defaultConfigurationName = Release;
		};
		3960BAF31E42ECC3009A11EC /* Build configuration list for PBXNativeTarget "KVO" */ = {
			isa = XCConfigurationList;
			buildConfigurations = (
				3960BAF41E42ECC3009A11EC /* Debug */,
				3960BAF51E42ECC3009A11EC /* Release */,
			);
			defaultConfigurationIsVisible = 0;
		};
/* End XCConfigurationList section */
	};
	rootObject = 3960BAD91E42ECC3009A11EC /* Project object */;
}
